
Microsoft Visual Studio Solution File, Format Version 12.00
# Visual Studio 15
Project("{FAE04EC0-301F-11D3-BF4B-00C04F79EFBC}") = "Assembly-CSharp", "Assembly-CSharp.csproj", "{E93937B5-8F60-5029-121D-7AE77825077E}"
EndProject
Project("{FAE04EC0-301F-11D3-BF4B-00C04F79EFBC}") = "Assembly-CSharp-Editor-firstpass", "Assembly-CSharp-Editor-firstpass.csproj", "{B7D15A79-9F52-8FBE-7947-872AB50BE14E}"
EndProject
Project("{FAE04EC0-301F-11D3-BF4B-00C04F79EFBC}") = "Assembly-CSharp-Editor", "Assembly-CSharp-Editor.csproj", "{509F3DBE-34B1-35D3-31E1-314E3681FEC9}"
EndProject
Global
	GlobalSection(SolutionConfigurationPlatforms) = preSolution
		Debug|Any CPU = Debug|Any CPU
		Release|Any CPU = Release|Any CPU
	EndGlobalSection
	GlobalSection(ProjectConfigurationPlatforms) = postSolution
		{E93937B5-8F60-5029-121D-7AE77825077E}.Debug|Any CPU.ActiveCfg = Debug|Any CPU
		{E93937B5-8F60-5029-121D-7AE77825077E}.Debug|Any CPU.Build.0 = Debug|Any CPU
		{E93937B5-8F60-5029-121D-7AE77825077E}.Release|Any CPU.ActiveCfg = Release|Any CPU
		{E93937B5-8F60-5029-121D-7AE77825077E}.Release|Any CPU.Build.0 = Release|Any CPU
		{B7D15A79-9F52-8FBE-7947-872AB50BE14E}.Debug|Any CPU.ActiveCfg = Debug|Any CPU
		{B7D15A79-9F52-8FBE-7947-872AB50BE14E}.Debug|Any CPU.Build.0 = Debug|Any CPU
		{B7D15A79-9F52-8FBE-7947-872AB50BE14E}.Release|Any CPU.ActiveCfg = Release|Any CPU
		{B7D15A79-9F52-8FBE-7947-872AB50BE14E}.Release|Any CPU.Build.0 = Release|Any CPU
		{509F3DBE-34B1-35D3-31E1-314E3681FEC9}.Debug|Any CPU.ActiveCfg = Debug|Any CPU
		{509F3DBE-34B1-35D3-31E1-314E3681FEC9}.Debug|Any CPU.Build.0 = Debug|Any CPU
		{509F3DBE-34B1-35D3-31E1-314E3681FEC9}.Release|Any CPU.ActiveCfg = Release|Any CPU
		{509F3DBE-34B1-35D3-31E1-314E3681FEC9}.Release|Any CPU.Build.0 = Release|Any CPU
	EndGlobalSection
	GlobalSection(SolutionProperties) = preSolution
		HideSolutionNode = FALSE
	EndGlobalSection
EndGlobal
