
Microsoft Visual Studio Solution File, Format Version 11.00
# Visual Studio 2010
Project("{FAE04EC0-301F-11D3-BF4B-00C04F79EFBC}") = "Assembly-CSharp", "Assembly-CSharp.csproj", "{ED242184-B7A7-2D07-D51F-8285390294FB}"
EndProject
Project("{FAE04EC0-301F-11D3-BF4B-00C04F79EFBC}") = "Assembly-CSharp-Editor", "Assembly-CSharp-Editor.csproj", "{10985DE8-1EE3-8615-6D70-AC3E840AA6C1}"
EndProject
Project("{FAE04EC0-301F-11D3-BF4B-00C04F79EFBC}") = "Assembly-CSharp-Editor-firstpass", "Assembly-CSharp-Editor-firstpass.csproj", "{11060C88-C45C-067E-6B89-F082E1EDD8FF}"
EndProject
Global
	GlobalSection(SolutionConfigurationPlatforms) = preSolution
		Debug|Any CPU = Debug|Any CPU
		Release|Any CPU = Release|Any CPU
	EndGlobalSection
	GlobalSection(ProjectConfigurationPlatforms) = postSolution
		{ED242184-B7A7-2D07-D51F-8285390294FB}.Debug|Any CPU.ActiveCfg = Debug|Any CPU
		{ED242184-B7A7-2D07-D51F-8285390294FB}.Debug|Any CPU.Build.0 = Debug|Any CPU
		{ED242184-B7A7-2D07-D51F-8285390294FB}.Release|Any CPU.ActiveCfg = Release|Any CPU
		{ED242184-B7A7-2D07-D51F-8285390294FB}.Release|Any CPU.Build.0 = Release|Any CPU
		{10985DE8-1EE3-8615-6D70-AC3E840AA6C1}.Debug|Any CPU.ActiveCfg = Debug|Any CPU
		{10985DE8-1EE3-8615-6D70-AC3E840AA6C1}.Debug|Any CPU.Build.0 = Debug|Any CPU
		{10985DE8-1EE3-8615-6D70-AC3E840AA6C1}.Release|Any CPU.ActiveCfg = Release|Any CPU
		{10985DE8-1EE3-8615-6D70-AC3E840AA6C1}.Release|Any CPU.Build.0 = Release|Any CPU
		{11060C88-C45C-067E-6B89-F082E1EDD8FF}.Debug|Any CPU.ActiveCfg = Debug|Any CPU
		{11060C88-C45C-067E-6B89-F082E1EDD8FF}.Debug|Any CPU.Build.0 = Debug|Any CPU
		{11060C88-C45C-067E-6B89-F082E1EDD8FF}.Release|Any CPU.ActiveCfg = Release|Any CPU
		{11060C88-C45C-067E-6B89-F082E1EDD8FF}.Release|Any CPU.Build.0 = Release|Any CPU
	EndGlobalSection
	GlobalSection(SolutionProperties) = preSolution
		HideSolutionNode = FALSE
	EndGlobalSection
EndGlobal
